// !$*UTF8*$!
{
	archiveVersion = 1;
	classes = {
	};
	objectVersion = 46;
	objects = {

/* Begin PBXBuildFile section */
		187C3FAE1CEAF4FD007EAB35 /* main.m in Sources */ = {isa = PBXBuildFile; fileRef = 187C3FAD1CEAF4FD007EAB35 /* main.m */; };
		187C3FB11CEAF4FD007EAB35 /* AppDelegate.m in Sources */ = {isa = PBXBuildFile; fileRef = 187C3FB01CEAF4FD007EAB35 /* AppDelegate.m */; };
		187C3FB71CEAF4FD007EAB35 /* Main.storyboard in Resources */ = {isa = PBXBuildFile; fileRef = 187C3FB51CEAF4FD007EAB35 /* Main.storyboard */; };
		187C3FB91CEAF4FD007EAB35 /* Assets.xcassets in Resources */ = {isa = PBXBuildFile; fileRef = 187C3FB81CEAF4FD007EAB35 /* Assets.xcassets */; };
		187C3FC51CEAF6E9007EAB35 /* ZPTableViewController.m in Sources */ = {isa = PBXBuildFile; fileRef = 187C3FC41CEAF6E9007EAB35 /* ZPTableViewController.m */; };
/* End PBXBuildFile section */

/* Begin PBXFileReference section */
		187C3FA91CEAF4FD007EAB35 /* UITableViewController.app */ = {isa = PBXFileReference; explicitFileType = wrapper.application; includeInIndex = 0; path = UITableViewController.app; sourceTree = BUILT_PRODUCTS_DIR; };
		187C3FAD1CEAF4FD007EAB35 /* main.m */ = {isa = PBXFileReference; lastKnownFileType = sourcecode.c.objc; path = main.m; sourceTree = "<group>"; };
		187C3FAF1CEAF4FD007EAB35 /* AppDelegate.h */ = {isa = PBXFileReference; lastKnownFileType = sourcecode.c.h; path = AppDelegate.h; sourceTree = "<group>"; };
		187C3FB01CEAF4FD007EAB35 /* AppDelegate.m */ = {isa = PBXFileReference; lastKnownFileType = sourcecode.c.objc; path = AppDelegate.m; sourceTree = "<group>"; };
		187C3FB61CEAF4FD007EAB35 /* Base */ = {isa = PBXFileReference; lastKnownFileType = file.storyboard; name = Base; path = Base.lproj/Main.storyboard; sourceTree = "<group>"; };
		187C3FB81CEAF4FD007EAB35 /* Assets.xcassets */ = {isa = PBXFileReference; lastKnownFileType = folder.assetcatalog; path = Assets.xcassets; sourceTree = "<group>"; };
		187C3FBD1CEAF4FD007EAB35 /* Info.plist */ = {isa = PBXFileReference; lastKnownFileType = text.plist.xml; path = Info.plist; sourceTree = "<group>"; };
		187C3FC31CEAF6E9007EAB35 /* ZPTableViewController.h */ = {isa = PBXFileReference; fileEncoding = 4; lastKnownFileType = sourcecode.c.h; path = ZPTableViewController.h; sourceTree = "<group>"; };
		187C3FC41CEAF6E9007EAB35 /* ZPTableViewController.m */ = {isa = PBXFileReference; fileEncoding = 4; lastKnownFileType = sourcecode.c.objc; path = ZPTableViewController.m; sourceTree = "<group>"; };
/* End PBXFileReference section */

/* Begin PBXFrameworksBuildPhase section */
		187C3FA61CEAF4FD007EAB35 /* Frameworks */ = {
			isa = PBXFrameworksBuildPhase;
			buildActionMask = 2147483647;
			files = (
			);
			runOnlyForDeploymentPostprocessing = 0;
		};
/* End PBXFrameworksBuildPhase section */

/* Begin PBXGroup section */
		187C3FA01CEAF4FD007EAB35 = {
			isa = PBXGroup;
			children = (
				187C3FAB1CEAF4FD007EAB35 /* UITableViewController */,
				187C3FAA1CEAF4FD007EAB35 /* Products */,
			);
			sourceTree = "<group>";
		};
		187C3FAA1CEAF4FD007EAB35 /* Products */ = {
			isa = PBXGroup;
			children = (
				187C3FA91CEAF4FD007EAB35 /* UITableViewController.app */,
			);
			name = Products;
			sourceTree = "<group>";
		};
		187C3FAB1CEAF4FD007EAB35 /* UITableViewController */ = {
			isa = PBXGroup;
			children = (
				187C3FAF1CEAF4FD007EAB35 /* AppDelegate.h */,
				187C3FB01CEAF4FD007EAB35 /* AppDelegate.m */,
				187C3FC31CEAF6E9007EAB35 /* ZPTableViewController.h */,
				187C3FC41CEAF6E9007EAB35 /* ZPTableViewController.m */,
				187C3FB51CEAF4FD007EAB35 /* Main.storyboard */,
				187C3FB81CEAF4FD007EAB35 /* Assets.xcassets */,
				187C3FBD1CEAF4FD007EAB35 /* Info.plist */,
				187C3FAC1CEAF4FD007EAB35 /* Supporting Files */,
			);
			path = UITableViewController;
			sourceTree = "<group>";
		};
		187C3FAC1CEAF4FD007EAB35 /* Supporting Files */ = {
			isa = PBXGroup;
			children = (
				187C3FAD1CEAF4FD007EAB35 /* main.m */,
			);
			name = "Supporting Files";
			sourceTree = "<group>";
		};
/* End PBXGroup section */

/* Begin PBXNativeTarget section */
		187C3FA81CEAF4FD007EAB35 /* UITableViewController */ = {
			isa = PBXNativeTarget;
			buildConfigurationList = 187C3FC01CEAF4FD007EAB35 /* Build configuration list for PBXNativeTarget "UITableViewController" */;
			buildPhases = (
				187C3FA51CEAF4FD007EAB35 /* Sources */,
				187C3FA61CEAF4FD007EAB35 /* Frameworks */,
				187C3FA71CEAF4FD007EAB35 /* Resources */,
			);
			buildRules = (
			);
			dependencies = (
			);
			name = UITableViewController;
			productName = UITableViewController;
			productReference = 187C3FA91CEAF4FD007EAB35 /* UITableViewController.app */;
			productType = "com.apple.product-type.application";
		};
/* End PBXNativeTarget section */

/* Begin PBXProject section */
		187C3FA11CEAF4FD007EAB35 /* Project object */ = {
			isa = PBXProject;
			attributes = {
				CLASSPREFIX = ZP;
				LastUpgradeCheck = 0730;
				ORGANIZATIONNAME = apple;
				TargetAttributes = {
					187C3FA81CEAF4FD007EAB35 = {
						CreatedOnToolsVersion = 7.3;
					};
				};
			};
			buildConfigurationList = 187C3FA41CEAF4FD007EAB35 /* Build configuration list for PBXProject "UITableViewController" */;
			compatibilityVersion = "Xcode 3.2";
			developmentRegion = English;
			hasScannedForEncodings = 0;
			knownRegions = (
				en,
				Base,
			);
			mainGroup = 187C3FA01CEAF4FD007EAB35;
			productRefGroup = 187C3FAA1CEAF4FD007EAB35 /* Products */;
			projectDirPath = "";
			projectRoot = "";
			targets = (
				187C3FA81CEAF4FD007EAB35 /* UITableViewController */,
			);
		};
/* End PBXProject section */

/* Begin PBXResourcesBuildPhase section */
		187C3FA71CEAF4FD007EAB35 /* Resources */ = {
			isa = PBXResourcesBuildPhase;
			buildActionMask = 2147483647;
			files = (
				187C3FB91CEAF4FD007EAB35 /* Assets.xcassets in Resources */,
				187C3FB71CEAF4FD007EAB35 /* Main.storyboard in Resources */,
			);
			runOnlyForDeploymentPostprocessing = 0;
		};
/* End PBXResourcesBuildPhase section */

/* Begin PBXSourcesBuildPhase section */
		187C3FA51CEAF4FD007EAB35 /* Sources */ = {
			isa = PBXSourcesBuildPhase;
			buildActionMask = 2147483647;
			files = (
				187C3FB11CEAF4FD007EAB35 /* AppDelegate.m in Sources */,
				187C3FAE1CEAF4FD007EAB35 /* main.m in Sources */,
				187C3FC51CEAF6E9007EAB35 /* ZPTableViewController.m in Sources */,
			);
			runOnlyForDeploymentPostprocessing = 0;
		};
/* End PBXSourcesBuildPhase section */

/* Begin PBXVariantGroup section */
		187C3FB51CEAF4FD007EAB35 /* Main.storyboard */ = {
			isa = PBXVariantGroup;
			children = (
				187C3FB61CEAF4FD007EAB35 /* Base */,
			);
			name = Main.storyboard;
			sourceTree = "<group>";
		};
/* End PBXVariantGroup section */

/* Begin XCBuildConfiguration section */
		187C3FBE1CEAF4FD007EAB35 /* Debug */ = {
			isa = XCBuildConfiguration;
			buildSettings = {
				ALWAYS_SEARCH_USER_PATHS = NO;
				CLANG_ANALYZER_NONNULL = YES;
				CLANG_CXX_LANGUAGE_STANDARD = "gnu++0x";
				CLANG_CXX_LIBRARY = "libc++";
				CLANG_ENABLE_MODULES = YES;
				CLANG_ENABLE_OBJC_ARC = YES;
				CLANG_WARN_BOOL_CONVERSION = YES;
				CLANG_WARN_CONSTANT_CONVERSION = YES;
				CLANG_WARN_DIRECT_OBJC_ISA_USAGE = YES_ERROR;
				CLANG_WARN_EMPTY_BODY = YES;
				CLANG_WARN_ENUM_CONVERSION = YES;
				CLANG_WARN_INT_CONVERSION = YES;
				CLANG_WARN_OBJC_ROOT_CLASS = YES_ERROR;
				CLANG_WARN_UNREACHABLE_CODE = YES;
				CLANG_WARN__DUPLICATE_METHOD_MATCH = YES;
				"CODE_SIGN_IDENTITY[sdk=iphoneos*]" = "iPhone Developer";
				COPY_PHASE_STRIP = NO;
				DEBUG_INFORMATION_FORMAT = dwarf;
				ENABLE_STRICT_OBJC_MSGSEND = YES;
				ENABLE_TESTABILITY = YES;
				GCC_C_LANGUAGE_STANDARD = gnu99;
				GCC_DYNAMIC_NO_PIC = NO;
				GCC_NO_COMMON_BLOCKS = YES;
				GCC_OPTIMIZATION_LEVEL = 0;
				GCC_PREPROCESSOR_DEFINITIONS = (
					"DEBUG=1",
					"$(inherited)",
				);
				GCC_WARN_64_TO_32_BIT_CONVERSION = YES;
				GCC_WARN_ABOUT_RETURN_TYPE = YES_ERROR;
				GCC_WARN_UNDECLARED_SELECTOR = YES;
				GCC_WARN_UNINITIALIZED_AUTOS = YES_AGGRESSIVE;
				GCC_WARN_UNUSED_FUNCTION = YES;
				GCC_WARN_UNUSED_VARIABLE = YES;
				IPHONEOS_DEPLOYMENT_TARGET = 9.3;
				MTL_ENABLE_DEBUG_INFO = YES;
				ONLY_ACTIVE_ARCH = YES;
				SDKROOT = iphoneos;
			};
			name = Debug;
		};
		187C3FBF1CEAF4FD007EAB35 /* Release */ = {
			isa = XCBuildConfiguration;
			buildSettings = {
				ALWAYS_SEARCH_USER_PATHS = NO;
				CLANG_ANALYZER_NONNULL = YES;
				CLANG_CXX_LANGUAGE_STANDARD = "gnu++0x";
				CLANG_CXX_LIBRARY = "libc++";
				CLANG_ENABLE_MODULES = YES;
				CLANG_ENABLE_OBJC_ARC = YES;
				CLANG_WARN_BOOL_CONVERSION = YES;
				CLANG_WARN_CONSTANT_CONVERSION = YES;
				CLANG_WARN_DIRECT_OBJC_ISA_USAGE = YES_ERROR;
				CLANG_WARN_EMPTY_BODY = YES;
				CLANG_WARN_ENUM_CONVERSION = YES;
				CLANG_WARN_INT_CONVERSION = YES;
				CLANG_WARN_OBJC_ROOT_CLASS = YES_ERROR;
				CLANG_WARN_UNREACHABLE_CODE = YES;
				CLANG_WARN__DUPLICATE_METHOD_MATCH = YES;
				"CODE_SIGN_IDENTITY[sdk=iphoneos*]" = "iPhone Developer";
				COPY_PHASE_STRIP = NO;
				DEBUG_INFORMATION_FORMAT = "dwarf-with-dsym";
				ENABLE_NS_ASSERTIONS = NO;
				ENABLE_STRICT_OBJC_MSGSEND = YES;
				GCC_C_LANGUAGE_STANDARD = gnu99;
				GCC_NO_COMMON_BLOCKS = YES;
				GCC_WARN_64_TO_32_BIT_CONVERSION = YES;
				GCC_WARN_ABOUT_RETURN_TYPE = YES_ERROR;
				GCC_WARN_UNDECLARED_SELECTOR = YES;
				GCC_WARN_UNINITIALIZED_AUTOS = YES_AGGRESSIVE;
				GCC_WARN_UNUSED_FUNCTION = YES;
				GCC_WARN_UNUSED_VARIABLE = YES;
				IPHONEOS_DEPLOYMENT_TARGET = 9.3;
				MTL_ENABLE_DEBUG_INFO = NO;
				SDKROOT = iphoneos;
				VALIDATE_PRODUCT = YES;
			};
			name = Release;
		};
		187C3FC11CEAF4FD007EAB35 /* Debug */ = {
			isa = XCBuildConfiguration;
			buildSettings = {
				ASSETCATALOG_COMPILER_APPICON_NAME = AppIcon;
				INFOPLIST_FILE = UITableViewController/Info.plist;
				LD_RUNPATH_SEARCH_PATHS = "$(inherited) @executable_path/Frameworks";
				PRODUCT_BUNDLE_IDENTIFIER = cn.sunco.UITableViewController;
				PRODUCT_NAME = "$(TARGET_NAME)";
			};
			name = Debug;
		};
		187C3FC21CEAF4FD007EAB35 /* Release */ = {
			isa = XCBuildConfiguration;
			buildSettings = {
				ASSETCATALOG_COMPILER_APPICON_NAME = AppIcon;
				INFOPLIST_FILE = UITableViewController/Info.plist;
				LD_RUNPATH_SEARCH_PATHS = "$(inherited) @executable_path/Frameworks";
				PRODUCT_BUNDLE_IDENTIFIER = cn.sunco.UITableViewController;
				PRODUCT_NAME = "$(TARGET_NAME)";
			};
			name = Release;
		};
/* End XCBuildConfiguration section */

/* Begin XCConfigurationList section */
		187C3FA41CEAF4FD007EAB35 /* Build configuration list for PBXProject "UITableViewController" */ = {
			isa = XCConfigurationList;
			buildConfigurations = (
				187C3FBE1CEAF4FD007EAB35 /* Debug */,
				187C3FBF1CEAF4FD007EAB35 /* Release */,
			);
			defaultConfigurationIsVisible = 0;
			defaultConfigurationName = Release;
		};
		187C3FC01CEAF4FD007EAB35 /* Build configuration list for PBXNativeTarget "UITableViewController" */ = {
			isa = XCConfigurationList;
			buildConfigurations = (
				187C3FC11CEAF4FD007EAB35 /* Debug */,
				187C3FC21CEAF4FD007EAB35 /* Release */,
			);
			defaultConfigurationIsVisible = 0;
			defaultConfigurationName = Release;
		};
/* End XCConfigurationList section */
	};
	rootObject = 187C3FA11CEAF4FD007EAB35 /* Project object */;
}
